
Microsoft Visual Studio Solution File, Format Version 12.00
# Visual Studio 15
VisualStudioVersion = 15.0.27428.1
MinimumVisualStudioVersion = 10.0.40219.1
Project("{FAE04EC0-301F-11D3-BF4B-00C04F79EFBC}") = "MagicInventorySystem", "MagicInventorySystem\MagicInventorySystem.csproj", "{861302CA-05B0-4DB9-BFF0-8ECE0EF02EF9}"
EndProject
Global
	GlobalSection(SolutionConfigurationPlatforms) = preSolution
		Debug|Any CPU = Debug|Any CPU
		Release|Any CPU = Release|Any CPU
	EndGlobalSection
	GlobalSection(ProjectConfigurationPlatforms) = postSolution
		{861302CA-05B0-4DB9-BFF0-8ECE0EF02EF9}.Debug|Any CPU.ActiveCfg = Debug|Any CPU
		{861302CA-05B0-4DB9-BFF0-8ECE0EF02EF9}.Debug|Any CPU.Build.0 = Debug|Any CPU
		{861302CA-05B0-4DB9-BFF0-8ECE0EF02EF9}.Release|Any CPU.ActiveCfg = Release|Any CPU
		{861302CA-05B0-4DB9-BFF0-8ECE0EF02EF9}.Release|Any CPU.Build.0 = Release|Any CPU
	EndGlobalSection
	GlobalSection(SolutionProperties) = preSolution
		HideSolutionNode = FALSE
	EndGlobalSection
	GlobalSection(ExtensibilityGlobals) = postSolution
		SolutionGuid = {1619BB37-C6D2-4526-8320-AD3A52D1C1E9}
	EndGlobalSection
EndGlobal
